// !$*UTF8*$!
{
	archiveVersion = 1;
	classes = {
	};
	objectVersion = 55;
	objects = {

/* Begin PBXBuildFile section */
		02BADF90279FC380000059DD /* AppDelegate.swift in Sources */ = {isa = PBXBuildFile; fileRef = 02BADF8F279FC380000059DD /* AppDelegate.swift */; };
		02BADF92279FC380000059DD /* SceneDelegate.swift in Sources */ = {isa = PBXBuildFile; fileRef = 02BADF91279FC380000059DD /* SceneDelegate.swift */; };
		02BADF94279FC380000059DD /* ViewController.swift in Sources */ = {isa = PBXBuildFile; fileRef = 02BADF93279FC380000059DD /* ViewController.swift */; };
		02BADF97279FC380000059DD /* Main.storyboard in Resources */ = {isa = PBXBuildFile; fileRef = 02BADF95279FC380000059DD /* Main.storyboard */; };
		02BADF9A279FC380000059DD /* CollectionView1.xcdatamodeld in Sources */ = {isa = PBXBuildFile; fileRef = 02BADF98279FC380000059DD /* CollectionView1.xcdatamodeld */; };
		02BADF9C279FC381000059DD /* Assets.xcassets in Resources */ = {isa = PBXBuildFile; fileRef = 02BADF9B279FC381000059DD /* Assets.xcassets */; };
		02BADF9F279FC381000059DD /* LaunchScreen.storyboard in Resources */ = {isa = PBXBuildFile; fileRef = 02BADF9D279FC381000059DD /* LaunchScreen.storyboard */; };
		02BADFAA279FC381000059DD /* CollectionView1Tests.swift in Sources */ = {isa = PBXBuildFile; fileRef = 02BADFA9279FC381000059DD /* CollectionView1Tests.swift */; };
		02BADFB4279FC381000059DD /* CollectionView1UITests.swift in Sources */ = {isa = PBXBuildFile; fileRef = 02BADFB3279FC381000059DD /* CollectionView1UITests.swift */; };
		02BADFB6279FC381000059DD /* CollectionView1UITestsLaunchTests.swift in Sources */ = {isa = PBXBuildFile; fileRef = 02BADFB5279FC381000059DD /* CollectionView1UITestsLaunchTests.swift */; };
/* End PBXBuildFile section */

/* Begin PBXContainerItemProxy section */
		02BADFA6279FC381000059DD /* PBXContainerItemProxy */ = {
			isa = PBXContainerItemProxy;
			containerPortal = 02BADF84279FC380000059DD /* Project object */;
			proxyType = 1;
			remoteGlobalIDString = 02BADF8B279FC380000059DD;
			remoteInfo = CollectionView1;
		};
		02BADFB0279FC381000059DD /* PBXContainerItemProxy */ = {
			isa = PBXContainerItemProxy;
			containerPortal = 02BADF84279FC380000059DD /* Project object */;
			proxyType = 1;
			remoteGlobalIDString = 02BADF8B279FC380000059DD;
			remoteInfo = CollectionView1;
		};
/* End PBXContainerItemProxy section */

/* Begin PBXFileReference section */
		02BADF8C279FC380000059DD /* CollectionView1.app */ = {isa = PBXFileReference; explicitFileType = wrapper.application; includeInIndex = 0; path = CollectionView1.app; sourceTree = BUILT_PRODUCTS_DIR; };
		02BADF8F279FC380000059DD /* AppDelegate.swift */ = {isa = PBXFileReference; lastKnownFileType = sourcecode.swift; path = AppDelegate.swift; sourceTree = "<group>"; };
		02BADF91279FC380000059DD /* SceneDelegate.swift */ = {isa = PBXFileReference; lastKnownFileType = sourcecode.swift; path = SceneDelegate.swift; sourceTree = "<group>"; };
		02BADF93279FC380000059DD /* ViewController.swift */ = {isa = PBXFileReference; lastKnownFileType = sourcecode.swift; path = ViewController.swift; sourceTree = "<group>"; };
		02BADF96279FC380000059DD /* Base */ = {isa = PBXFileReference; lastKnownFileType = file.storyboard; name = Base; path = Base.lproj/Main.storyboard; sourceTree = "<group>"; };
		02BADF99279FC380000059DD /* CollectionView1.xcdatamodel */ = {isa = PBXFileReference; lastKnownFileType = wrapper.xcdatamodel; path = CollectionView1.xcdatamodel; sourceTree = "<group>"; };
		02BADF9B279FC381000059DD /* Assets.xcassets */ = {isa = PBXFileReference; lastKnownFileType = folder.assetcatalog; path = Assets.xcassets; sourceTree = "<group>"; };
		02BADF9E279FC381000059DD /* Base */ = {isa = PBXFileReference; lastKnownFileType = file.storyboard; name = Base; path = Base.lproj/LaunchScreen.storyboard; sourceTree = "<group>"; };
		02BADFA0279FC381000059DD /* Info.plist */ = {isa = PBXFileReference; lastKnownFileType = text.plist.xml; path = Info.plist; sourceTree = "<group>"; };
		02BADFA5279FC381000059DD /* CollectionView1Tests.xctest */ = {isa = PBXFileReference; explicitFileType = wrapper.cfbundle; includeInIndex = 0; path = CollectionView1Tests.xctest; sourceTree = BUILT_PRODUCTS_DIR; };
		02BADFA9279FC381000059DD /* CollectionView1Tests.swift */ = {isa = PBXFileReference; lastKnownFileType = sourcecode.swift; path = CollectionView1Tests.swift; sourceTree = "<group>"; };
		02BADFAF279FC381000059DD /* CollectionView1UITests.xctest */ = {isa = PBXFileReference; explicitFileType = wrapper.cfbundle; includeInIndex = 0; path = CollectionView1UITests.xctest; sourceTree = BUILT_PRODUCTS_DIR; };
		02BADFB3279FC381000059DD /* CollectionView1UITests.swift */ = {isa = PBXFileReference; lastKnownFileType = sourcecode.swift; path = CollectionView1UITests.swift; sourceTree = "<group>"; };
		02BADFB5279FC381000059DD /* CollectionView1UITestsLaunchTests.swift */ = {isa = PBXFileReference; lastKnownFileType = sourcecode.swift; path = CollectionView1UITestsLaunchTests.swift; sourceTree = "<group>"; };
/* End PBXFileReference section */

/* Begin PBXFrameworksBuildPhase section */
		02BADF89279FC380000059DD /* Frameworks */ = {
			isa = PBXFrameworksBuildPhase;
			buildActionMask = 2147483647;
			files = (
			);
			runOnlyForDeploymentPostprocessing = 0;
		};
		02BADFA2279FC381000059DD /* Frameworks */ = {
			isa = PBXFrameworksBuildPhase;
			buildActionMask = 2147483647;
			files = (
			);
			runOnlyForDeploymentPostprocessing = 0;
		};
		02BADFAC279FC381000059DD /* Frameworks */ = {
			isa = PBXFrameworksBuildPhase;
			buildActionMask = 2147483647;
			files = (
			);
			runOnlyForDeploymentPostprocessing = 0;
		};
/* End PBXFrameworksBuildPhase section */

/* Begin PBXGroup section */
		02BADF83279FC380000059DD = {
			isa = PBXGroup;
			children = (
				02BADF8E279FC380000059DD /* CollectionView1 */,
				02BADFA8279FC381000059DD /* CollectionView1Tests */,
				02BADFB2279FC381000059DD /* CollectionView1UITests */,
				02BADF8D279FC380000059DD /* Products */,
			);
			sourceTree = "<group>";
		};
		02BADF8D279FC380000059DD /* Products */ = {
			isa = PBXGroup;
			children = (
				02BADF8C279FC380000059DD /* CollectionView1.app */,
				02BADFA5279FC381000059DD /* CollectionView1Tests.xctest */,
				02BADFAF279FC381000059DD /* CollectionView1UITests.xctest */,
			);
			name = Products;
			sourceTree = "<group>";
		};
		02BADF8E279FC380000059DD /* CollectionView1 */ = {
			isa = PBXGroup;
			children = (
				02BADF8F279FC380000059DD /* AppDelegate.swift */,
				02BADF91279FC380000059DD /* SceneDelegate.swift */,
				02BADF93279FC380000059DD /* ViewController.swift */,
				02BADF95279FC380000059DD /* Main.storyboard */,
				02BADF9B279FC381000059DD /* Assets.xcassets */,
				02BADF9D279FC381000059DD /* LaunchScreen.storyboard */,
				02BADFA0279FC381000059DD /* Info.plist */,
				02BADF98279FC380000059DD /* CollectionView1.xcdatamodeld */,
			);
			path = CollectionView1;
			sourceTree = "<group>";
		};
		02BADFA8279FC381000059DD /* CollectionView1Tests */ = {
			isa = PBXGroup;
			children = (
				02BADFA9279FC381000059DD /* CollectionView1Tests.swift */,
			);
			path = CollectionView1Tests;
			sourceTree = "<group>";
		};
		02BADFB2279FC381000059DD /* CollectionView1UITests */ = {
			isa = PBXGroup;
			children = (
				02BADFB3279FC381000059DD /* CollectionView1UITests.swift */,
				02BADFB5279FC381000059DD /* CollectionView1UITestsLaunchTests.swift */,
			);
			path = CollectionView1UITests;
			sourceTree = "<group>";
		};
/* End PBXGroup section */

/* Begin PBXNativeTarget section */
		02BADF8B279FC380000059DD /* CollectionView1 */ = {
			isa = PBXNativeTarget;
			buildConfigurationList = 02BADFB9279FC381000059DD /* Build configuration list for PBXNativeTarget "CollectionView1" */;
			buildPhases = (
				02BADF88279FC380000059DD /* Sources */,
				02BADF89279FC380000059DD /* Frameworks */,
				02BADF8A279FC380000059DD /* Resources */,
			);
			buildRules = (
			);
			dependencies = (
			);
			name = CollectionView1;
			productName = CollectionView1;
			productReference = 02BADF8C279FC380000059DD /* CollectionView1.app */;
			productType = "com.apple.product-type.application";
		};
		02BADFA4279FC381000059DD /* CollectionView1Tests */ = {
			isa = PBXNativeTarget;
			buildConfigurationList = 02BADFBC279FC381000059DD /* Build configuration list for PBXNativeTarget "CollectionView1Tests" */;
			buildPhases = (
				02BADFA1279FC381000059DD /* Sources */,
				02BADFA2279FC381000059DD /* Frameworks */,
				02BADFA3279FC381000059DD /* Resources */,
			);
			buildRules = (
			);
			dependencies = (
				02BADFA7279FC381000059DD /* PBXTargetDependency */,
			);
			name = CollectionView1Tests;
			productName = CollectionView1Tests;
			productReference = 02BADFA5279FC381000059DD /* CollectionView1Tests.xctest */;
			productType = "com.apple.product-type.bundle.unit-test";
		};
		02BADFAE279FC381000059DD /* CollectionView1UITests */ = {
			isa = PBXNativeTarget;
			buildConfigurationList = 02BADFBF279FC381000059DD /* Build configuration list for PBXNativeTarget "CollectionView1UITests" */;
			buildPhases = (
				02BADFAB279FC381000059DD /* Sources */,
				02BADFAC279FC381000059DD /* Frameworks */,
				02BADFAD279FC381000059DD /* Resources */,
			);
			buildRules = (
			);
			dependencies = (
				02BADFB1279FC381000059DD /* PBXTargetDependency */,
			);
			name = CollectionView1UITests;
			productName = CollectionView1UITests;
			productReference = 02BADFAF279FC381000059DD /* CollectionView1UITests.xctest */;
			productType = "com.apple.product-type.bundle.ui-testing";
		};
/* End PBXNativeTarget section */

/* Begin PBXProject section */
		02BADF84279FC380000059DD /* Project object */ = {
			isa = PBXProject;
			attributes = {
				BuildIndependentTargetsInParallel = 1;
				LastSwiftUpdateCheck = 1320;
				LastUpgradeCheck = 1320;
				TargetAttributes = {
					02BADF8B279FC380000059DD = {
						CreatedOnToolsVersion = 13.2.1;
					};
					02BADFA4279FC381000059DD = {
						CreatedOnToolsVersion = 13.2.1;
						TestTargetID = 02BADF8B279FC380000059DD;
					};
					02BADFAE279FC381000059DD = {
						CreatedOnToolsVersion = 13.2.1;
						TestTargetID = 02BADF8B279FC380000059DD;
					};
				};
			};
			buildConfigurationList = 02BADF87279FC380000059DD /* Build configuration list for PBXProject "CollectionView1" */;
			compatibilityVersion = "Xcode 13.0";
			developmentRegion = en;
			hasScannedForEncodings = 0;
			knownRegions = (
				en,
				Base,
			);
			mainGroup = 02BADF83279FC380000059DD;
			productRefGroup = 02BADF8D279FC380000059DD /* Products */;
			projectDirPath = "";
			projectRoot = "";
			targets = (
				02BADF8B279FC380000059DD /* CollectionView1 */,
				02BADFA4279FC381000059DD /* CollectionView1Tests */,
				02BADFAE279FC381000059DD /* CollectionView1UITests */,
			);
		};
/* End PBXProject section */

/* Begin PBXResourcesBuildPhase section */
		02BADF8A279FC380000059DD /* Resources */ = {
			isa = PBXResourcesBuildPhase;
			buildActionMask = 2147483647;
			files = (
				02BADF9F279FC381000059DD /* LaunchScreen.storyboard in Resources */,
				02BADF9C279FC381000059DD /* Assets.xcassets in Resources */,
				02BADF97279FC380000059DD /* Main.storyboard in Resources */,
			);
			runOnlyForDeploymentPostprocessing = 0;
		};
		02BADFA3279FC381000059DD /* Resources */ = {
			isa = PBXResourcesBuildPhase;
			buildActionMask = 2147483647;
			files = (
			);
			runOnlyForDeploymentPostprocessing = 0;
		};
		02BADFAD279FC381000059DD /* Resources */ = {
			isa = PBXResourcesBuildPhase;
			buildActionMask = 2147483647;
			files = (
			);
			runOnlyForDeploymentPostprocessing = 0;
		};
/* End PBXResourcesBuildPhase section */

/* Begin PBXSourcesBuildPhase section */
		02BADF88279FC380000059DD /* Sources */ = {
			isa = PBXSourcesBuildPhase;
			buildActionMask = 2147483647;
			files = (
				02BADF9A279FC380000059DD /* CollectionView1.xcdatamodeld in Sources */,
				02BADF94279FC380000059DD /* ViewController.swift in Sources */,
				02BADF90279FC380000059DD /* AppDelegate.swift in Sources */,
				02BADF92279FC380000059DD /* SceneDelegate.swift in Sources */,
			);
			runOnlyForDeploymentPostprocessing = 0;
		};
		02BADFA1279FC381000059DD /* Sources */ = {
			isa = PBXSourcesBuildPhase;
			buildActionMask = 2147483647;
			files = (
				02BADFAA279FC381000059DD /* CollectionView1Tests.swift in Sources */,
			);
			runOnlyForDeploymentPostprocessing = 0;
		};
		02BADFAB279FC381000059DD /* Sources */ = {
			isa = PBXSourcesBuildPhase;
			buildActionMask = 2147483647;
			files = (
				02BADFB4279FC381000059DD /* CollectionView1UITests.swift in Sources */,
				02BADFB6279FC381000059DD /* CollectionView1UITestsLaunchTests.swift in Sources */,
			);
			runOnlyForDeploymentPostprocessing = 0;
		};
/* End PBXSourcesBuildPhase section */

/* Begin PBXTargetDependency section */
		02BADFA7279FC381000059DD /* PBXTargetDependency */ = {
			isa = PBXTargetDependency;
			target = 02BADF8B279FC380000059DD /* CollectionView1 */;
			targetProxy = 02BADFA6279FC381000059DD /* PBXContainerItemProxy */;
		};
		02BADFB1279FC381000059DD /* PBXTargetDependency */ = {
			isa = PBXTargetDependency;
			target = 02BADF8B279FC380000059DD /* CollectionView1 */;
			targetProxy = 02BADFB0279FC381000059DD /* PBXContainerItemProxy */;
		};
/* End PBXTargetDependency section */

/* Begin PBXVariantGroup section */
		02BADF95279FC380000059DD /* Main.storyboard */ = {
			isa = PBXVariantGroup;
			children = (
				02BADF96279FC380000059DD /* Base */,
			);
			name = Main.storyboard;
			sourceTree = "<group>";
		};
		02BADF9D279FC381000059DD /* LaunchScreen.storyboard */ = {
			isa = PBXVariantGroup;
			children = (
				02BADF9E279FC381000059DD /* Base */,
			);
			name = LaunchScreen.storyboard;
			sourceTree = "<group>";
		};
/* End PBXVariantGroup section */

/* Begin XCBuildConfiguration section */
		02BADFB7279FC381000059DD /* Debug */ = {
			isa = XCBuildConfiguration;
			buildSettings = {
				ALWAYS_SEARCH_USER_PATHS = NO;
				CLANG_ANALYZER_NONNULL = YES;
				CLANG_ANALYZER_NUMBER_OBJECT_CONVERSION = YES_AGGRESSIVE;
				CLANG_CXX_LANGUAGE_STANDARD = "gnu++17";
				CLANG_CXX_LIBRARY = "libc++";
				CLANG_ENABLE_MODULES = YES;
				CLANG_ENABLE_OBJC_ARC = YES;
				CLANG_ENABLE_OBJC_WEAK = YES;
				CLANG_WARN_BLOCK_CAPTURE_AUTORELEASING = YES;
				CLANG_WARN_BOOL_CONVERSION = YES;
				CLANG_WARN_COMMA = YES;
				CLANG_WARN_CONSTANT_CONVERSION = YES;
				CLANG_WARN_DEPRECATED_OBJC_IMPLEMENTATIONS = YES;
				CLANG_WARN_DIRECT_OBJC_ISA_USAGE = YES_ERROR;
				CLANG_WARN_DOCUMENTATION_COMMENTS = YES;
				CLANG_WARN_EMPTY_BODY = YES;
				CLANG_WARN_ENUM_CONVERSION = YES;
				CLANG_WARN_INFINITE_RECURSION = YES;
				CLANG_WARN_INT_CONVERSION = YES;
				CLANG_WARN_NON_LITERAL_NULL_CONVERSION = YES;
				CLANG_WARN_OBJC_IMPLICIT_RETAIN_SELF = YES;
				CLANG_WARN_OBJC_LITERAL_CONVERSION = YES;
				CLANG_WARN_OBJC_ROOT_CLASS = YES_ERROR;
				CLANG_WARN_QUOTED_INCLUDE_IN_FRAMEWORK_HEADER = YES;
				CLANG_WARN_RANGE_LOOP_ANALYSIS = YES;
				CLANG_WARN_STRICT_PROTOTYPES = YES;
				CLANG_WARN_SUSPICIOUS_MOVE = YES;
				CLANG_WARN_UNGUARDED_AVAILABILITY = YES_AGGRESSIVE;
				CLANG_WARN_UNREACHABLE_CODE = YES;
				CLANG_WARN__DUPLICATE_METHOD_MATCH = YES;
				COPY_PHASE_STRIP = NO;
				DEBUG_INFORMATION_FORMAT = dwarf;
				ENABLE_STRICT_OBJC_MSGSEND = YES;
				ENABLE_TESTABILITY = YES;
				GCC_C_LANGUAGE_STANDARD = gnu11;
				GCC_DYNAMIC_NO_PIC = NO;
				GCC_NO_COMMON_BLOCKS = YES;
				GCC_OPTIMIZATION_LEVEL = 0;
				GCC_PREPROCESSOR_DEFINITIONS = (
					"DEBUG=1",
					"$(inherited)",
				);
				GCC_WARN_64_TO_32_BIT_CONVERSION = YES;
				GCC_WARN_ABOUT_RETURN_TYPE = YES_ERROR;
				GCC_WARN_UNDECLARED_SELECTOR = YES;
				GCC_WARN_UNINITIALIZED_AUTOS = YES_AGGRESSIVE;
				GCC_WARN_UNUSED_FUNCTION = YES;
				GCC_WARN_UNUSED_VARIABLE = YES;
				IPHONEOS_DEPLOYMENT_TARGET = 15.2;
				MTL_ENABLE_DEBUG_INFO = INCLUDE_SOURCE;
				MTL_FAST_MATH = YES;
				ONLY_ACTIVE_ARCH = YES;
				SDKROOT = iphoneos;
				SWIFT_ACTIVE_COMPILATION_CONDITIONS = DEBUG;
				SWIFT_OPTIMIZATION_LEVEL = "-Onone";
			};
			name = Debug;
		};
		02BADFB8279FC381000059DD /* Release */ = {
			isa = XCBuildConfiguration;
			buildSettings = {
				ALWAYS_SEARCH_USER_PATHS = NO;
				CLANG_ANALYZER_NONNULL = YES;
				CLANG_ANALYZER_NUMBER_OBJECT_CONVERSION = YES_AGGRESSIVE;
				CLANG_CXX_LANGUAGE_STANDARD = "gnu++17";
				CLANG_CXX_LIBRARY = "libc++";
				CLANG_ENABLE_MODULES = YES;
				CLANG_ENABLE_OBJC_ARC = YES;
				CLANG_ENABLE_OBJC_WEAK = YES;
				CLANG_WARN_BLOCK_CAPTURE_AUTORELEASING = YES;
				CLANG_WARN_BOOL_CONVERSION = YES;
				CLANG_WARN_COMMA = YES;
				CLANG_WARN_CONSTANT_CONVERSION = YES;
				CLANG_WARN_DEPRECATED_OBJC_IMPLEMENTATIONS = YES;
				CLANG_WARN_DIRECT_OBJC_ISA_USAGE = YES_ERROR;
				CLANG_WARN_DOCUMENTATION_COMMENTS = YES;
				CLANG_WARN_EMPTY_BODY = YES;
				CLANG_WARN_ENUM_CONVERSION = YES;
				CLANG_WARN_INFINITE_RECURSION = YES;
				CLANG_WARN_INT_CONVERSION = YES;
				CLANG_WARN_NON_LITERAL_NULL_CONVERSION = YES;
				CLANG_WARN_OBJC_IMPLICIT_RETAIN_SELF = YES;
				CLANG_WARN_OBJC_LITERAL_CONVERSION = YES;
				CLANG_WARN_OBJC_ROOT_CLASS = YES_ERROR;
				CLANG_WARN_QUOTED_INCLUDE_IN_FRAMEWORK_HEADER = YES;
				CLANG_WARN_RANGE_LOOP_ANALYSIS = YES;
				CLANG_WARN_STRICT_PROTOTYPES = YES;
				CLANG_WARN_SUSPICIOUS_MOVE = YES;
				CLANG_WARN_UNGUARDED_AVAILABILITY = YES_AGGRESSIVE;
				CLANG_WARN_UNREACHABLE_CODE = YES;
				CLANG_WARN__DUPLICATE_METHOD_MATCH = YES;
				COPY_PHASE_STRIP = NO;
				DEBUG_INFORMATION_FORMAT = "dwarf-with-dsym";
				ENABLE_NS_ASSERTIONS = NO;
				ENABLE_STRICT_OBJC_MSGSEND = YES;
				GCC_C_LANGUAGE_STANDARD = gnu11;
				GCC_NO_COMMON_BLOCKS = YES;
				GCC_WARN_64_TO_32_BIT_CONVERSION = YES;
				GCC_WARN_ABOUT_RETURN_TYPE = YES_ERROR;
				GCC_WARN_UNDECLARED_SELECTOR = YES;
				GCC_WARN_UNINITIALIZED_AUTOS = YES_AGGRESSIVE;
				GCC_WARN_UNUSED_FUNCTION = YES;
				GCC_WARN_UNUSED_VARIABLE = YES;
				IPHONEOS_DEPLOYMENT_TARGET = 15.2;
				MTL_ENABLE_DEBUG_INFO = NO;
				MTL_FAST_MATH = YES;
				SDKROOT = iphoneos;
				SWIFT_COMPILATION_MODE = wholemodule;
				SWIFT_OPTIMIZATION_LEVEL = "-O";
				VALIDATE_PRODUCT = YES;
			};
			name = Release;
		};
		02BADFBA279FC381000059DD /* Debug */ = {
			isa = XCBuildConfiguration;
			buildSettings = {
				ASSETCATALOG_COMPILER_APPICON_NAME = AppIcon;
				ASSETCATALOG_COMPILER_GLOBAL_ACCENT_COLOR_NAME = AccentColor;
				CODE_SIGN_STYLE = Automatic;
				CURRENT_PROJECT_VERSION = 1;
				DEVELOPMENT_TEAM = DU88KW67TH;
				GENERATE_INFOPLIST_FILE = YES;
				INFOPLIST_FILE = CollectionView1/Info.plist;
				INFOPLIST_KEY_UIApplicationSupportsIndirectInputEvents = YES;
				INFOPLIST_KEY_UILaunchStoryboardName = LaunchScreen;
				INFOPLIST_KEY_UIMainStoryboardFile = Main;
				INFOPLIST_KEY_UISupportedInterfaceOrientations_iPad = "UIInterfaceOrientationPortrait UIInterfaceOrientationPortraitUpsideDown UIInterfaceOrientationLandscapeLeft UIInterfaceOrientationLandscapeRight";
				INFOPLIST_KEY_UISupportedInterfaceOrientations_iPhone = "UIInterfaceOrientationPortrait UIInterfaceOrientationLandscapeLeft UIInterfaceOrientationLandscapeRight";
				LD_RUNPATH_SEARCH_PATHS = (
					"$(inherited)",
					"@executable_path/Frameworks",
				);
				MARKETING_VERSION = 1.0;
				PRODUCT_BUNDLE_IDENTIFIER = choikihun.CollectionView1;
				PRODUCT_NAME = "$(TARGET_NAME)";
				SWIFT_EMIT_LOC_STRINGS = YES;
				SWIFT_VERSION = 5.0;
				TARGETED_DEVICE_FAMILY = "1,2";
			};
			name = Debug;
		};
		02BADFBB279FC381000059DD /* Release */ = {
			isa = XCBuildConfiguration;
			buildSettings = {
				ASSETCATALOG_COMPILER_APPICON_NAME = AppIcon;
				ASSETCATALOG_COMPILER_GLOBAL_ACCENT_COLOR_NAME = AccentColor;
				CODE_SIGN_STYLE = Automatic;
				CURRENT_PROJECT_VERSION = 1;
				DEVELOPMENT_TEAM = DU88KW67TH;
				GENERATE_INFOPLIST_FILE = YES;
				INFOPLIST_FILE = CollectionView1/Info.plist;
				INFOPLIST_KEY_UIApplicationSupportsIndirectInputEvents = YES;
				INFOPLIST_KEY_UILaunchStoryboardName = LaunchScreen;
				INFOPLIST_KEY_UIMainStoryboardFile = Main;
				INFOPLIST_KEY_UISupportedInterfaceOrientations_iPad = "UIInterfaceOrientationPortrait UIInterfaceOrientationPortraitUpsideDown UIInterfaceOrientationLandscapeLeft UIInterfaceOrientationLandscapeRight";
				INFOPLIST_KEY_UISupportedInterfaceOrientations_iPhone = "UIInterfaceOrientationPortrait UIInterfaceOrientationLandscapeLeft UIInterfaceOrientationLandscapeRight";
				LD_RUNPATH_SEARCH_PATHS = (
					"$(inherited)",
					"@executable_path/Frameworks",
				);
				MARKETING_VERSION = 1.0;
				PRODUCT_BUNDLE_IDENTIFIER = choikihun.CollectionView1;
				PRODUCT_NAME = "$(TARGET_NAME)";
				SWIFT_EMIT_LOC_STRINGS = YES;
				SWIFT_VERSION = 5.0;
				TARGETED_DEVICE_FAMILY = "1,2";
			};
			name = Release;
		};
		02BADFBD279FC381000059DD /* Debug */ = {
			isa = XCBuildConfiguration;
			buildSettings = {
				ALWAYS_EMBED_SWIFT_STANDARD_LIBRARIES = YES;
				BUNDLE_LOADER = "$(TEST_HOST)";
				CODE_SIGN_STYLE = Automatic;
				CURRENT_PROJECT_VERSION = 1;
				DEVELOPMENT_TEAM = DU88KW67TH;
				GENERATE_INFOPLIST_FILE = YES;
				IPHONEOS_DEPLOYMENT_TARGET = 15.2;
				MARKETING_VERSION = 1.0;
				PRODUCT_BUNDLE_IDENTIFIER = choikihun.CollectionView1Tests;
				PRODUCT_NAME = "$(TARGET_NAME)";
				SWIFT_EMIT_LOC_STRINGS = NO;
				SWIFT_VERSION = 5.0;
				TARGETED_DEVICE_FAMILY = "1,2";
				TEST_HOST = "$(BUILT_PRODUCTS_DIR)/CollectionView1.app/CollectionView1";
			};
			name = Debug;
		};
		02BADFBE279FC381000059DD /* Release */ = {
			isa = XCBuildConfiguration;
			buildSettings = {
				ALWAYS_EMBED_SWIFT_STANDARD_LIBRARIES = YES;
				BUNDLE_LOADER = "$(TEST_HOST)";
				CODE_SIGN_STYLE = Automatic;
				CURRENT_PROJECT_VERSION = 1;
				DEVELOPMENT_TEAM = DU88KW67TH;
				GENERATE_INFOPLIST_FILE = YES;
				IPHONEOS_DEPLOYMENT_TARGET = 15.2;
				MARKETING_VERSION = 1.0;
				PRODUCT_BUNDLE_IDENTIFIER = choikihun.CollectionView1Tests;
				PRODUCT_NAME = "$(TARGET_NAME)";
				SWIFT_EMIT_LOC_STRINGS = NO;
				SWIFT_VERSION = 5.0;
				TARGETED_DEVICE_FAMILY = "1,2";
				TEST_HOST = "$(BUILT_PRODUCTS_DIR)/CollectionView1.app/CollectionView1";
			};
			name = Release;
		};
		02BADFC0279FC381000059DD /* Debug */ = {
			isa = XCBuildConfiguration;
			buildSettings = {
				ALWAYS_EMBED_SWIFT_STANDARD_LIBRARIES = YES;
				CODE_SIGN_STYLE = Automatic;
				CURRENT_PROJECT_VERSION = 1;
				DEVELOPMENT_TEAM = DU88KW67TH;
				GENERATE_INFOPLIST_FILE = YES;
				MARKETING_VERSION = 1.0;
				PRODUCT_BUNDLE_IDENTIFIER = choikihun.CollectionView1UITests;
				PRODUCT_NAME = "$(TARGET_NAME)";
				SWIFT_EMIT_LOC_STRINGS = NO;
				SWIFT_VERSION = 5.0;
				TARGETED_DEVICE_FAMILY = "1,2";
				TEST_TARGET_NAME = CollectionView1;
			};
			name = Debug;
		};
		02BADFC1279FC381000059DD /* Release */ = {
			isa = XCBuildConfiguration;
			buildSettings = {
				ALWAYS_EMBED_SWIFT_STANDARD_LIBRARIES = YES;
				CODE_SIGN_STYLE = Automatic;
				CURRENT_PROJECT_VERSION = 1;
				DEVELOPMENT_TEAM = DU88KW67TH;
				GENERATE_INFOPLIST_FILE = YES;
				MARKETING_VERSION = 1.0;
				PRODUCT_BUNDLE_IDENTIFIER = choikihun.CollectionView1UITests;
				PRODUCT_NAME = "$(TARGET_NAME)";
				SWIFT_EMIT_LOC_STRINGS = NO;
				SWIFT_VERSION = 5.0;
				TARGETED_DEVICE_FAMILY = "1,2";
				TEST_TARGET_NAME = CollectionView1;
			};
			name = Release;
		};
/* End XCBuildConfiguration section */

/* Begin XCConfigurationList section */
		02BADF87279FC380000059DD /* Build configuration list for PBXProject "CollectionView1" */ = {
			isa = XCConfigurationList;
			buildConfigurations = (
				02BADFB7279FC381000059DD /* Debug */,
				02BADFB8279FC381000059DD /* Release */,
			);
			defaultConfigurationIsVisible = 0;
			defaultConfigurationName = Release;
		};
		02BADFB9279FC381000059DD /* Build configuration list for PBXNativeTarget "CollectionView1" */ = {
			isa = XCConfigurationList;
			buildConfigurations = (
				02BADFBA279FC381000059DD /* Debug */,
				02BADFBB279FC381000059DD /* Release */,
			);
			defaultConfigurationIsVisible = 0;
			defaultConfigurationName = Release;
		};
		02BADFBC279FC381000059DD /* Build configuration list for PBXNativeTarget "CollectionView1Tests" */ = {
			isa = XCConfigurationList;
			buildConfigurations = (
				02BADFBD279FC381000059DD /* Debug */,
				02BADFBE279FC381000059DD /* Release */,
			);
			defaultConfigurationIsVisible = 0;
			defaultConfigurationName = Release;
		};
		02BADFBF279FC381000059DD /* Build configuration list for PBXNativeTarget "CollectionView1UITests" */ = {
			isa = XCConfigurationList;
			buildConfigurations = (
				02BADFC0279FC381000059DD /* Debug */,
				02BADFC1279FC381000059DD /* Release */,
			);
			defaultConfigurationIsVisible = 0;
			defaultConfigurationName = Release;
		};
/* End XCConfigurationList section */

/* Begin XCVersionGroup section */
		02BADF98279FC380000059DD /* CollectionView1.xcdatamodeld */ = {
			isa = XCVersionGroup;
			children = (
				02BADF99279FC380000059DD /* CollectionView1.xcdatamodel */,
			);
			currentVersion = 02BADF99279FC380000059DD /* CollectionView1.xcdatamodel */;
			path = CollectionView1.xcdatamodeld;
			sourceTree = "<group>";
			versionGroupType = wrapper.xcdatamodel;
		};
/* End XCVersionGroup section */
	};
	rootObject = 02BADF84279FC380000059DD /* Project object */;
}
